
Microsoft Visual Studio Solution File, Format Version 12.00
# Visual Studio 2013
VisualStudioVersion = 12.0.30723.0
MinimumVisualStudioVersion = 10.0.40219.1
Project("{FAE04EC0-301F-11D3-BF4B-00C04F79EFBC}") = "StudyTest", "StudyTest\StudyTest.csproj", "{3FAC0864-9CE4-4743-9E03-6AE7ED51C908}"
EndProject
Project("{FAE04EC0-301F-11D3-BF4B-00C04F79EFBC}") = "TestCase", "TestCase\TestCase.csproj", "{9201B05B-C862-42D9-BCB9-5DA5AEF1BCBE}"
EndProject
Global
	GlobalSection(SolutionConfigurationPlatforms) = preSolution
		Debug|Any CPU = Debug|Any CPU
		Release|Any CPU = Release|Any CPU
	EndGlobalSection
	GlobalSection(ProjectConfigurationPlatforms) = postSolution
		{3FAC0864-9CE4-4743-9E03-6AE7ED51C908}.Debug|Any CPU.ActiveCfg = Debug|Any CPU
		{3FAC0864-9CE4-4743-9E03-6AE7ED51C908}.Debug|Any CPU.Build.0 = Debug|Any CPU
		{3FAC0864-9CE4-4743-9E03-6AE7ED51C908}.Release|Any CPU.ActiveCfg = Release|Any CPU
		{3FAC0864-9CE4-4743-9E03-6AE7ED51C908}.Release|Any CPU.Build.0 = Release|Any CPU
		{9201B05B-C862-42D9-BCB9-5DA5AEF1BCBE}.Debug|Any CPU.ActiveCfg = Debug|Any CPU
		{9201B05B-C862-42D9-BCB9-5DA5AEF1BCBE}.Debug|Any CPU.Build.0 = Debug|Any CPU
		{9201B05B-C862-42D9-BCB9-5DA5AEF1BCBE}.Release|Any CPU.ActiveCfg = Release|Any CPU
		{9201B05B-C862-42D9-BCB9-5DA5AEF1BCBE}.Release|Any CPU.Build.0 = Release|Any CPU
	EndGlobalSection
	GlobalSection(SolutionProperties) = preSolution
		HideSolutionNode = FALSE
	EndGlobalSection
EndGlobal
